// !$*UTF8*$!
{
	archiveVersion = 1;
	classes = {
	};
	objectVersion = 56;
	objects = {

/* Begin PBXBuildFile section */
		2E5F2F8F293E0E6000D0C060 /* YuzPayApp.swift in Sources */ = {isa = PBXBuildFile; fileRef = 2E5F2F8E293E0E6000D0C060 /* YuzPayApp.swift */; };
		2E5F2F91293E0E6000D0C060 /* ContentView.swift in Sources */ = {isa = PBXBuildFile; fileRef = 2E5F2F90293E0E6000D0C060 /* ContentView.swift */; };
		2E5F2F93293E0E6200D0C060 /* Assets.xcassets in Resources */ = {isa = PBXBuildFile; fileRef = 2E5F2F92293E0E6200D0C060 /* Assets.xcassets */; };
		2E5F2F96293E0E6200D0C060 /* Preview Assets.xcassets in Resources */ = {isa = PBXBuildFile; fileRef = 2E5F2F95293E0E6200D0C060 /* Preview Assets.xcassets */; };
		2E5F2FA0293E0E6200D0C060 /* YuzPayTests.swift in Sources */ = {isa = PBXBuildFile; fileRef = 2E5F2F9F293E0E6200D0C060 /* YuzPayTests.swift */; };
		2E5F2FAA293E0E6200D0C060 /* YuzPayUITests.swift in Sources */ = {isa = PBXBuildFile; fileRef = 2E5F2FA9293E0E6200D0C060 /* YuzPayUITests.swift */; };
		2E5F2FAC293E0E6200D0C060 /* YuzPayUITestsLaunchTests.swift in Sources */ = {isa = PBXBuildFile; fileRef = 2E5F2FAB293E0E6200D0C060 /* YuzPayUITestsLaunchTests.swift */; };
/* End PBXBuildFile section */

/* Begin PBXContainerItemProxy section */
		2E5F2F9C293E0E6200D0C060 /* PBXContainerItemProxy */ = {
			isa = PBXContainerItemProxy;
			containerPortal = 2E5F2F83293E0E6000D0C060 /* Project object */;
			proxyType = 1;
			remoteGlobalIDString = 2E5F2F8A293E0E6000D0C060;
			remoteInfo = YuzPay;
		};
		2E5F2FA6293E0E6200D0C060 /* PBXContainerItemProxy */ = {
			isa = PBXContainerItemProxy;
			containerPortal = 2E5F2F83293E0E6000D0C060 /* Project object */;
			proxyType = 1;
			remoteGlobalIDString = 2E5F2F8A293E0E6000D0C060;
			remoteInfo = YuzPay;
		};
/* End PBXContainerItemProxy section */

/* Begin PBXFileReference section */
		2E5F2F8B293E0E6000D0C060 /* YuzPay.app */ = {isa = PBXFileReference; explicitFileType = wrapper.application; includeInIndex = 0; path = YuzPay.app; sourceTree = BUILT_PRODUCTS_DIR; };
		2E5F2F8E293E0E6000D0C060 /* YuzPayApp.swift */ = {isa = PBXFileReference; lastKnownFileType = sourcecode.swift; path = YuzPayApp.swift; sourceTree = "<group>"; };
		2E5F2F90293E0E6000D0C060 /* ContentView.swift */ = {isa = PBXFileReference; lastKnownFileType = sourcecode.swift; path = ContentView.swift; sourceTree = "<group>"; };
		2E5F2F92293E0E6200D0C060 /* Assets.xcassets */ = {isa = PBXFileReference; lastKnownFileType = folder.assetcatalog; path = Assets.xcassets; sourceTree = "<group>"; };
		2E5F2F95293E0E6200D0C060 /* Preview Assets.xcassets */ = {isa = PBXFileReference; lastKnownFileType = folder.assetcatalog; path = "Preview Assets.xcassets"; sourceTree = "<group>"; };
		2E5F2F9B293E0E6200D0C060 /* YuzPayTests.xctest */ = {isa = PBXFileReference; explicitFileType = wrapper.cfbundle; includeInIndex = 0; path = YuzPayTests.xctest; sourceTree = BUILT_PRODUCTS_DIR; };
		2E5F2F9F293E0E6200D0C060 /* YuzPayTests.swift */ = {isa = PBXFileReference; lastKnownFileType = sourcecode.swift; path = YuzPayTests.swift; sourceTree = "<group>"; };
		2E5F2FA5293E0E6200D0C060 /* YuzPayUITests.xctest */ = {isa = PBXFileReference; explicitFileType = wrapper.cfbundle; includeInIndex = 0; path = YuzPayUITests.xctest; sourceTree = BUILT_PRODUCTS_DIR; };
		2E5F2FA9293E0E6200D0C060 /* YuzPayUITests.swift */ = {isa = PBXFileReference; lastKnownFileType = sourcecode.swift; path = YuzPayUITests.swift; sourceTree = "<group>"; };
		2E5F2FAB293E0E6200D0C060 /* YuzPayUITestsLaunchTests.swift */ = {isa = PBXFileReference; lastKnownFileType = sourcecode.swift; path = YuzPayUITestsLaunchTests.swift; sourceTree = "<group>"; };
/* End PBXFileReference section */

/* Begin PBXFrameworksBuildPhase section */
		2E5F2F88293E0E6000D0C060 /* Frameworks */ = {
			isa = PBXFrameworksBuildPhase;
			buildActionMask = 2147483647;
			files = (
			);
			runOnlyForDeploymentPostprocessing = 0;
		};
		2E5F2F98293E0E6200D0C060 /* Frameworks */ = {
			isa = PBXFrameworksBuildPhase;
			buildActionMask = 2147483647;
			files = (
			);
			runOnlyForDeploymentPostprocessing = 0;
		};
		2E5F2FA2293E0E6200D0C060 /* Frameworks */ = {
			isa = PBXFrameworksBuildPhase;
			buildActionMask = 2147483647;
			files = (
			);
			runOnlyForDeploymentPostprocessing = 0;
		};
/* End PBXFrameworksBuildPhase section */

/* Begin PBXGroup section */
		2E5F2F82293E0E6000D0C060 = {
			isa = PBXGroup;
			children = (
				2E5F2F8D293E0E6000D0C060 /* YuzPay */,
				2E5F2F9E293E0E6200D0C060 /* YuzPayTests */,
				2E5F2FA8293E0E6200D0C060 /* YuzPayUITests */,
				2E5F2F8C293E0E6000D0C060 /* Products */,
			);
			sourceTree = "<group>";
		};
		2E5F2F8C293E0E6000D0C060 /* Products */ = {
			isa = PBXGroup;
			children = (
				2E5F2F8B293E0E6000D0C060 /* YuzPay.app */,
				2E5F2F9B293E0E6200D0C060 /* YuzPayTests.xctest */,
				2E5F2FA5293E0E6200D0C060 /* YuzPayUITests.xctest */,
			);
			name = Products;
			sourceTree = "<group>";
		};
		2E5F2F8D293E0E6000D0C060 /* YuzPay */ = {
			isa = PBXGroup;
			children = (
				2E5F2F8E293E0E6000D0C060 /* YuzPayApp.swift */,
				2E5F2F90293E0E6000D0C060 /* ContentView.swift */,
				2E5F2F92293E0E6200D0C060 /* Assets.xcassets */,
				2E5F2F94293E0E6200D0C060 /* Preview Content */,
			);
			path = YuzPay;
			sourceTree = "<group>";
		};
		2E5F2F94293E0E6200D0C060 /* Preview Content */ = {
			isa = PBXGroup;
			children = (
				2E5F2F95293E0E6200D0C060 /* Preview Assets.xcassets */,
			);
			path = "Preview Content";
			sourceTree = "<group>";
		};
		2E5F2F9E293E0E6200D0C060 /* YuzPayTests */ = {
			isa = PBXGroup;
			children = (
				2E5F2F9F293E0E6200D0C060 /* YuzPayTests.swift */,
			);
			path = YuzPayTests;
			sourceTree = "<group>";
		};
		2E5F2FA8293E0E6200D0C060 /* YuzPayUITests */ = {
			isa = PBXGroup;
			children = (
				2E5F2FA9293E0E6200D0C060 /* YuzPayUITests.swift */,
				2E5F2FAB293E0E6200D0C060 /* YuzPayUITestsLaunchTests.swift */,
			);
			path = YuzPayUITests;
			sourceTree = "<group>";
		};
/* End PBXGroup section */

/* Begin PBXNativeTarget section */
		2E5F2F8A293E0E6000D0C060 /* YuzPay */ = {
			isa = PBXNativeTarget;
			buildConfigurationList = 2E5F2FAF293E0E6200D0C060 /* Build configuration list for PBXNativeTarget "YuzPay" */;
			buildPhases = (
				2E5F2F87293E0E6000D0C060 /* Sources */,
				2E5F2F88293E0E6000D0C060 /* Frameworks */,
				2E5F2F89293E0E6000D0C060 /* Resources */,
			);
			buildRules = (
			);
			dependencies = (
			);
			name = YuzPay;
			productName = YuzPay;
			productReference = 2E5F2F8B293E0E6000D0C060 /* YuzPay.app */;
			productType = "com.apple.product-type.application";
		};
		2E5F2F9A293E0E6200D0C060 /* YuzPayTests */ = {
			isa = PBXNativeTarget;
			buildConfigurationList = 2E5F2FB2293E0E6200D0C060 /* Build configuration list for PBXNativeTarget "YuzPayTests" */;
			buildPhases = (
				2E5F2F97293E0E6200D0C060 /* Sources */,
				2E5F2F98293E0E6200D0C060 /* Frameworks */,
				2E5F2F99293E0E6200D0C060 /* Resources */,
			);
			buildRules = (
			);
			dependencies = (
				2E5F2F9D293E0E6200D0C060 /* PBXTargetDependency */,
			);
			name = YuzPayTests;
			productName = YuzPayTests;
			productReference = 2E5F2F9B293E0E6200D0C060 /* YuzPayTests.xctest */;
			productType = "com.apple.product-type.bundle.unit-test";
		};
		2E5F2FA4293E0E6200D0C060 /* YuzPayUITests */ = {
			isa = PBXNativeTarget;
			buildConfigurationList = 2E5F2FB5293E0E6200D0C060 /* Build configuration list for PBXNativeTarget "YuzPayUITests" */;
			buildPhases = (
				2E5F2FA1293E0E6200D0C060 /* Sources */,
				2E5F2FA2293E0E6200D0C060 /* Frameworks */,
				2E5F2FA3293E0E6200D0C060 /* Resources */,
			);
			buildRules = (
			);
			dependencies = (
				2E5F2FA7293E0E6200D0C060 /* PBXTargetDependency */,
			);
			name = YuzPayUITests;
			productName = YuzPayUITests;
			productReference = 2E5F2FA5293E0E6200D0C060 /* YuzPayUITests.xctest */;
			productType = "com.apple.product-type.bundle.ui-testing";
		};
/* End PBXNativeTarget section */

/* Begin PBXProject section */
		2E5F2F83293E0E6000D0C060 /* Project object */ = {
			isa = PBXProject;
			attributes = {
				BuildIndependentTargetsInParallel = 1;
				LastSwiftUpdateCheck = 1410;
				LastUpgradeCheck = 1410;
				TargetAttributes = {
					2E5F2F8A293E0E6000D0C060 = {
						CreatedOnToolsVersion = 14.1;
					};
					2E5F2F9A293E0E6200D0C060 = {
						CreatedOnToolsVersion = 14.1;
						TestTargetID = 2E5F2F8A293E0E6000D0C060;
					};
					2E5F2FA4293E0E6200D0C060 = {
						CreatedOnToolsVersion = 14.1;
						TestTargetID = 2E5F2F8A293E0E6000D0C060;
					};
				};
			};
			buildConfigurationList = 2E5F2F86293E0E6000D0C060 /* Build configuration list for PBXProject "YuzPay" */;
			compatibilityVersion = "Xcode 14.0";
			developmentRegion = en;
			hasScannedForEncodings = 0;
			knownRegions = (
				en,
				Base,
			);
			mainGroup = 2E5F2F82293E0E6000D0C060;
			productRefGroup = 2E5F2F8C293E0E6000D0C060 /* Products */;
			projectDirPath = "";
			projectRoot = "";
			targets = (
				2E5F2F8A293E0E6000D0C060 /* YuzPay */,
				2E5F2F9A293E0E6200D0C060 /* YuzPayTests */,
				2E5F2FA4293E0E6200D0C060 /* YuzPayUITests */,
			);
		};
/* End PBXProject section */

/* Begin PBXResourcesBuildPhase section */
		2E5F2F89293E0E6000D0C060 /* Resources */ = {
			isa = PBXResourcesBuildPhase;
			buildActionMask = 2147483647;
			files = (
				2E5F2F96293E0E6200D0C060 /* Preview Assets.xcassets in Resources */,
				2E5F2F93293E0E6200D0C060 /* Assets.xcassets in Resources */,
			);
			runOnlyForDeploymentPostprocessing = 0;
		};
		2E5F2F99293E0E6200D0C060 /* Resources */ = {
			isa = PBXResourcesBuildPhase;
			buildActionMask = 2147483647;
			files = (
			);
			runOnlyForDeploymentPostprocessing = 0;
		};
		2E5F2FA3293E0E6200D0C060 /* Resources */ = {
			isa = PBXResourcesBuildPhase;
			buildActionMask = 2147483647;
			files = (
			);
			runOnlyForDeploymentPostprocessing = 0;
		};
/* End PBXResourcesBuildPhase section */

/* Begin PBXSourcesBuildPhase section */
		2E5F2F87293E0E6000D0C060 /* Sources */ = {
			isa = PBXSourcesBuildPhase;
			buildActionMask = 2147483647;
			files = (
				2E5F2F91293E0E6000D0C060 /* ContentView.swift in Sources */,
				2E5F2F8F293E0E6000D0C060 /* YuzPayApp.swift in Sources */,
			);
			runOnlyForDeploymentPostprocessing = 0;
		};
		2E5F2F97293E0E6200D0C060 /* Sources */ = {
			isa = PBXSourcesBuildPhase;
			buildActionMask = 2147483647;
			files = (
				2E5F2FA0293E0E6200D0C060 /* YuzPayTests.swift in Sources */,
			);
			runOnlyForDeploymentPostprocessing = 0;
		};
		2E5F2FA1293E0E6200D0C060 /* Sources */ = {
			isa = PBXSourcesBuildPhase;
			buildActionMask = 2147483647;
			files = (
				2E5F2FAC293E0E6200D0C060 /* YuzPayUITestsLaunchTests.swift in Sources */,
				2E5F2FAA293E0E6200D0C060 /* YuzPayUITests.swift in Sources */,
			);
			runOnlyForDeploymentPostprocessing = 0;
		};
/* End PBXSourcesBuildPhase section */

/* Begin PBXTargetDependency section */
		2E5F2F9D293E0E6200D0C060 /* PBXTargetDependency */ = {
			isa = PBXTargetDependency;
			target = 2E5F2F8A293E0E6000D0C060 /* YuzPay */;
			targetProxy = 2E5F2F9C293E0E6200D0C060 /* PBXContainerItemProxy */;
		};
		2E5F2FA7293E0E6200D0C060 /* PBXTargetDependency */ = {
			isa = PBXTargetDependency;
			target = 2E5F2F8A293E0E6000D0C060 /* YuzPay */;
			targetProxy = 2E5F2FA6293E0E6200D0C060 /* PBXContainerItemProxy */;
		};
/* End PBXTargetDependency section */

/* Begin XCBuildConfiguration section */
		2E5F2FAD293E0E6200D0C060 /* Debug */ = {
			isa = XCBuildConfiguration;
			buildSettings = {
				ALWAYS_SEARCH_USER_PATHS = NO;
				CLANG_ANALYZER_NONNULL = YES;
				CLANG_ANALYZER_NUMBER_OBJECT_CONVERSION = YES_AGGRESSIVE;
				CLANG_CXX_LANGUAGE_STANDARD = "gnu++20";
				CLANG_ENABLE_MODULES = YES;
				CLANG_ENABLE_OBJC_ARC = YES;
				CLANG_ENABLE_OBJC_WEAK = YES;
				CLANG_WARN_BLOCK_CAPTURE_AUTORELEASING = YES;
				CLANG_WARN_BOOL_CONVERSION = YES;
				CLANG_WARN_COMMA = YES;
				CLANG_WARN_CONSTANT_CONVERSION = YES;
				CLANG_WARN_DEPRECATED_OBJC_IMPLEMENTATIONS = YES;
				CLANG_WARN_DIRECT_OBJC_ISA_USAGE = YES_ERROR;
				CLANG_WARN_DOCUMENTATION_COMMENTS = YES;
				CLANG_WARN_EMPTY_BODY = YES;
				CLANG_WARN_ENUM_CONVERSION = YES;
				CLANG_WARN_INFINITE_RECURSION = YES;
				CLANG_WARN_INT_CONVERSION = YES;
				CLANG_WARN_NON_LITERAL_NULL_CONVERSION = YES;
				CLANG_WARN_OBJC_IMPLICIT_RETAIN_SELF = YES;
				CLANG_WARN_OBJC_LITERAL_CONVERSION = YES;
				CLANG_WARN_OBJC_ROOT_CLASS = YES_ERROR;
				CLANG_WARN_QUOTED_INCLUDE_IN_FRAMEWORK_HEADER = YES;
				CLANG_WARN_RANGE_LOOP_ANALYSIS = YES;
				CLANG_WARN_STRICT_PROTOTYPES = YES;
				CLANG_WARN_SUSPICIOUS_MOVE = YES;
				CLANG_WARN_UNGUARDED_AVAILABILITY = YES_AGGRESSIVE;
				CLANG_WARN_UNREACHABLE_CODE = YES;
				CLANG_WARN__DUPLICATE_METHOD_MATCH = YES;
				COPY_PHASE_STRIP = NO;
				DEBUG_INFORMATION_FORMAT = dwarf;
				ENABLE_STRICT_OBJC_MSGSEND = YES;
				ENABLE_TESTABILITY = YES;
				GCC_C_LANGUAGE_STANDARD = gnu11;
				GCC_DYNAMIC_NO_PIC = NO;
				GCC_NO_COMMON_BLOCKS = YES;
				GCC_OPTIMIZATION_LEVEL = 0;
				GCC_PREPROCESSOR_DEFINITIONS = (
					"DEBUG=1",
					"$(inherited)",
				);
				GCC_WARN_64_TO_32_BIT_CONVERSION = YES;
				GCC_WARN_ABOUT_RETURN_TYPE = YES_ERROR;
				GCC_WARN_UNDECLARED_SELECTOR = YES;
				GCC_WARN_UNINITIALIZED_AUTOS = YES_AGGRESSIVE;
				GCC_WARN_UNUSED_FUNCTION = YES;
				GCC_WARN_UNUSED_VARIABLE = YES;
				IPHONEOS_DEPLOYMENT_TARGET = 16.1;
				MTL_ENABLE_DEBUG_INFO = INCLUDE_SOURCE;
				MTL_FAST_MATH = YES;
				ONLY_ACTIVE_ARCH = YES;
				SDKROOT = iphoneos;
				SWIFT_ACTIVE_COMPILATION_CONDITIONS = DEBUG;
				SWIFT_OPTIMIZATION_LEVEL = "-Onone";
			};
			name = Debug;
		};
		2E5F2FAE293E0E6200D0C060 /* Release */ = {
			isa = XCBuildConfiguration;
			buildSettings = {
				ALWAYS_SEARCH_USER_PATHS = NO;
				CLANG_ANALYZER_NONNULL = YES;
				CLANG_ANALYZER_NUMBER_OBJECT_CONVERSION = YES_AGGRESSIVE;
				CLANG_CXX_LANGUAGE_STANDARD = "gnu++20";
				CLANG_ENABLE_MODULES = YES;
				CLANG_ENABLE_OBJC_ARC = YES;
				CLANG_ENABLE_OBJC_WEAK = YES;
				CLANG_WARN_BLOCK_CAPTURE_AUTORELEASING = YES;
				CLANG_WARN_BOOL_CONVERSION = YES;
				CLANG_WARN_COMMA = YES;
				CLANG_WARN_CONSTANT_CONVERSION = YES;
				CLANG_WARN_DEPRECATED_OBJC_IMPLEMENTATIONS = YES;
				CLANG_WARN_DIRECT_OBJC_ISA_USAGE = YES_ERROR;
				CLANG_WARN_DOCUMENTATION_COMMENTS = YES;
				CLANG_WARN_EMPTY_BODY = YES;
				CLANG_WARN_ENUM_CONVERSION = YES;
				CLANG_WARN_INFINITE_RECURSION = YES;
				CLANG_WARN_INT_CONVERSION = YES;
				CLANG_WARN_NON_LITERAL_NULL_CONVERSION = YES;
				CLANG_WARN_OBJC_IMPLICIT_RETAIN_SELF = YES;
				CLANG_WARN_OBJC_LITERAL_CONVERSION = YES;
				CLANG_WARN_OBJC_ROOT_CLASS = YES_ERROR;
				CLANG_WARN_QUOTED_INCLUDE_IN_FRAMEWORK_HEADER = YES;
				CLANG_WARN_RANGE_LOOP_ANALYSIS = YES;
				CLANG_WARN_STRICT_PROTOTYPES = YES;
				CLANG_WARN_SUSPICIOUS_MOVE = YES;
				CLANG_WARN_UNGUARDED_AVAILABILITY = YES_AGGRESSIVE;
				CLANG_WARN_UNREACHABLE_CODE = YES;
				CLANG_WARN__DUPLICATE_METHOD_MATCH = YES;
				COPY_PHASE_STRIP = NO;
				DEBUG_INFORMATION_FORMAT = "dwarf-with-dsym";
				ENABLE_NS_ASSERTIONS = NO;
				ENABLE_STRICT_OBJC_MSGSEND = YES;
				GCC_C_LANGUAGE_STANDARD = gnu11;
				GCC_NO_COMMON_BLOCKS = YES;
				GCC_WARN_64_TO_32_BIT_CONVERSION = YES;
				GCC_WARN_ABOUT_RETURN_TYPE = YES_ERROR;
				GCC_WARN_UNDECLARED_SELECTOR = YES;
				GCC_WARN_UNINITIALIZED_AUTOS = YES_AGGRESSIVE;
				GCC_WARN_UNUSED_FUNCTION = YES;
				GCC_WARN_UNUSED_VARIABLE = YES;
				IPHONEOS_DEPLOYMENT_TARGET = 16.1;
				MTL_ENABLE_DEBUG_INFO = NO;
				MTL_FAST_MATH = YES;
				SDKROOT = iphoneos;
				SWIFT_COMPILATION_MODE = wholemodule;
				SWIFT_OPTIMIZATION_LEVEL = "-O";
				VALIDATE_PRODUCT = YES;
			};
			name = Release;
		};
		2E5F2FB0293E0E6200D0C060 /* Debug */ = {
			isa = XCBuildConfiguration;
			buildSettings = {
				ASSETCATALOG_COMPILER_APPICON_NAME = AppIcon;
				ASSETCATALOG_COMPILER_GLOBAL_ACCENT_COLOR_NAME = AccentColor;
				CODE_SIGN_STYLE = Automatic;
				CURRENT_PROJECT_VERSION = 1;
				DEVELOPMENT_ASSET_PATHS = "\"YuzPay/Preview Content\"";
				DEVELOPMENT_TEAM = E2765DH6Y3;
				ENABLE_PREVIEWS = YES;
				GENERATE_INFOPLIST_FILE = YES;
				INFOPLIST_KEY_UIApplicationSceneManifest_Generation = YES;
				INFOPLIST_KEY_UIApplicationSupportsIndirectInputEvents = YES;
				INFOPLIST_KEY_UILaunchScreen_Generation = YES;
				INFOPLIST_KEY_UISupportedInterfaceOrientations_iPad = "UIInterfaceOrientationPortrait UIInterfaceOrientationPortraitUpsideDown UIInterfaceOrientationLandscapeLeft UIInterfaceOrientationLandscapeRight";
				INFOPLIST_KEY_UISupportedInterfaceOrientations_iPhone = "UIInterfaceOrientationPortrait UIInterfaceOrientationLandscapeLeft UIInterfaceOrientationLandscapeRight";
				LD_RUNPATH_SEARCH_PATHS = (
					"$(inherited)",
					"@executable_path/Frameworks",
				);
				MARKETING_VERSION = 1.0;
				PRODUCT_BUNDLE_IDENTIFIER = uz.xcoder.YuzPay;
				PRODUCT_NAME = "$(TARGET_NAME)";
				SWIFT_EMIT_LOC_STRINGS = YES;
				SWIFT_VERSION = 5.0;
				TARGETED_DEVICE_FAMILY = "1,2";
			};
			name = Debug;
		};
		2E5F2FB1293E0E6200D0C060 /* Release */ = {
			isa = XCBuildConfiguration;
			buildSettings = {
				ASSETCATALOG_COMPILER_APPICON_NAME = AppIcon;
				ASSETCATALOG_COMPILER_GLOBAL_ACCENT_COLOR_NAME = AccentColor;
				CODE_SIGN_STYLE = Automatic;
				CURRENT_PROJECT_VERSION = 1;
				DEVELOPMENT_ASSET_PATHS = "\"YuzPay/Preview Content\"";
				DEVELOPMENT_TEAM = E2765DH6Y3;
				ENABLE_PREVIEWS = YES;
				GENERATE_INFOPLIST_FILE = YES;
				INFOPLIST_KEY_UIApplicationSceneManifest_Generation = YES;
				INFOPLIST_KEY_UIApplicationSupportsIndirectInputEvents = YES;
				INFOPLIST_KEY_UILaunchScreen_Generation = YES;
				INFOPLIST_KEY_UISupportedInterfaceOrientations_iPad = "UIInterfaceOrientationPortrait UIInterfaceOrientationPortraitUpsideDown UIInterfaceOrientationLandscapeLeft UIInterfaceOrientationLandscapeRight";
				INFOPLIST_KEY_UISupportedInterfaceOrientations_iPhone = "UIInterfaceOrientationPortrait UIInterfaceOrientationLandscapeLeft UIInterfaceOrientationLandscapeRight";
				LD_RUNPATH_SEARCH_PATHS = (
					"$(inherited)",
					"@executable_path/Frameworks",
				);
				MARKETING_VERSION = 1.0;
				PRODUCT_BUNDLE_IDENTIFIER = uz.xcoder.YuzPay;
				PRODUCT_NAME = "$(TARGET_NAME)";
				SWIFT_EMIT_LOC_STRINGS = YES;
				SWIFT_VERSION = 5.0;
				TARGETED_DEVICE_FAMILY = "1,2";
			};
			name = Release;
		};
		2E5F2FB3293E0E6200D0C060 /* Debug */ = {
			isa = XCBuildConfiguration;
			buildSettings = {
				ALWAYS_EMBED_SWIFT_STANDARD_LIBRARIES = YES;
				BUNDLE_LOADER = "$(TEST_HOST)";
				CODE_SIGN_STYLE = Automatic;
				CURRENT_PROJECT_VERSION = 1;
				DEVELOPMENT_TEAM = E2765DH6Y3;
				GENERATE_INFOPLIST_FILE = YES;
				IPHONEOS_DEPLOYMENT_TARGET = 16.1;
				MARKETING_VERSION = 1.0;
				PRODUCT_BUNDLE_IDENTIFIER = uz.xcoder.YuzPayTests;
				PRODUCT_NAME = "$(TARGET_NAME)";
				SWIFT_EMIT_LOC_STRINGS = NO;
				SWIFT_VERSION = 5.0;
				TARGETED_DEVICE_FAMILY = "1,2";
				TEST_HOST = "$(BUILT_PRODUCTS_DIR)/YuzPay.app/$(BUNDLE_EXECUTABLE_FOLDER_PATH)/YuzPay";
			};
			name = Debug;
		};
		2E5F2FB4293E0E6200D0C060 /* Release */ = {
			isa = XCBuildConfiguration;
			buildSettings = {
				ALWAYS_EMBED_SWIFT_STANDARD_LIBRARIES = YES;
				BUNDLE_LOADER = "$(TEST_HOST)";
				CODE_SIGN_STYLE = Automatic;
				CURRENT_PROJECT_VERSION = 1;
				DEVELOPMENT_TEAM = E2765DH6Y3;
				GENERATE_INFOPLIST_FILE = YES;
				IPHONEOS_DEPLOYMENT_TARGET = 16.1;
				MARKETING_VERSION = 1.0;
				PRODUCT_BUNDLE_IDENTIFIER = uz.xcoder.YuzPayTests;
				PRODUCT_NAME = "$(TARGET_NAME)";
				SWIFT_EMIT_LOC_STRINGS = NO;
				SWIFT_VERSION = 5.0;
				TARGETED_DEVICE_FAMILY = "1,2";
				TEST_HOST = "$(BUILT_PRODUCTS_DIR)/YuzPay.app/$(BUNDLE_EXECUTABLE_FOLDER_PATH)/YuzPay";
			};
			name = Release;
		};
		2E5F2FB6293E0E6200D0C060 /* Debug */ = {
			isa = XCBuildConfiguration;
			buildSettings = {
				ALWAYS_EMBED_SWIFT_STANDARD_LIBRARIES = YES;
				CODE_SIGN_STYLE = Automatic;
				CURRENT_PROJECT_VERSION = 1;
				DEVELOPMENT_TEAM = E2765DH6Y3;
				GENERATE_INFOPLIST_FILE = YES;
				MARKETING_VERSION = 1.0;
				PRODUCT_BUNDLE_IDENTIFIER = uz.xcoder.YuzPayUITests;
				PRODUCT_NAME = "$(TARGET_NAME)";
				SWIFT_EMIT_LOC_STRINGS = NO;
				SWIFT_VERSION = 5.0;
				TARGETED_DEVICE_FAMILY = "1,2";
				TEST_TARGET_NAME = YuzPay;
			};
			name = Debug;
		};
		2E5F2FB7293E0E6200D0C060 /* Release */ = {
			isa = XCBuildConfiguration;
			buildSettings = {
				ALWAYS_EMBED_SWIFT_STANDARD_LIBRARIES = YES;
				CODE_SIGN_STYLE = Automatic;
				CURRENT_PROJECT_VERSION = 1;
				DEVELOPMENT_TEAM = E2765DH6Y3;
				GENERATE_INFOPLIST_FILE = YES;
				MARKETING_VERSION = 1.0;
				PRODUCT_BUNDLE_IDENTIFIER = uz.xcoder.YuzPayUITests;
				PRODUCT_NAME = "$(TARGET_NAME)";
				SWIFT_EMIT_LOC_STRINGS = NO;
				SWIFT_VERSION = 5.0;
				TARGETED_DEVICE_FAMILY = "1,2";
				TEST_TARGET_NAME = YuzPay;
			};
			name = Release;
		};
/* End XCBuildConfiguration section */

/* Begin XCConfigurationList section */
		2E5F2F86293E0E6000D0C060 /* Build configuration list for PBXProject "YuzPay" */ = {
			isa = XCConfigurationList;
			buildConfigurations = (
				2E5F2FAD293E0E6200D0C060 /* Debug */,
				2E5F2FAE293E0E6200D0C060 /* Release */,
			);
			defaultConfigurationIsVisible = 0;
			defaultConfigurationName = Release;
		};
		2E5F2FAF293E0E6200D0C060 /* Build configuration list for PBXNativeTarget "YuzPay" */ = {
			isa = XCConfigurationList;
			buildConfigurations = (
				2E5F2FB0293E0E6200D0C060 /* Debug */,
				2E5F2FB1293E0E6200D0C060 /* Release */,
			);
			defaultConfigurationIsVisible = 0;
			defaultConfigurationName = Release;
		};
		2E5F2FB2293E0E6200D0C060 /* Build configuration list for PBXNativeTarget "YuzPayTests" */ = {
			isa = XCConfigurationList;
			buildConfigurations = (
				2E5F2FB3293E0E6200D0C060 /* Debug */,
				2E5F2FB4293E0E6200D0C060 /* Release */,
			);
			defaultConfigurationIsVisible = 0;
			defaultConfigurationName = Release;
		};
		2E5F2FB5293E0E6200D0C060 /* Build configuration list for PBXNativeTarget "YuzPayUITests" */ = {
			isa = XCConfigurationList;
			buildConfigurations = (
				2E5F2FB6293E0E6200D0C060 /* Debug */,
				2E5F2FB7293E0E6200D0C060 /* Release */,
			);
			defaultConfigurationIsVisible = 0;
			defaultConfigurationName = Release;
		};
/* End XCConfigurationList section */
	};
	rootObject = 2E5F2F83293E0E6000D0C060 /* Project object */;
}
